
Microsoft Visual Studio Solution File, Format Version 12.00
# Visual Studio Version 17
VisualStudioVersion = 17.8.34330.188
MinimumVisualStudioVersion = 10.0.40219.1
Project("{FAE04EC0-301F-11D3-BF4B-00C04F79EFBC}") = "Test", "Test.csproj", "{D4A29336-0AD9-4FEC-83FF-93CD4BA1EF73}"
EndProject
Global
	GlobalSection(SolutionConfigurationPlatforms) = preSolution
		Debug|Any CPU = Debug|Any CPU
		Release|Any CPU = Release|Any CPU
	EndGlobalSection
	GlobalSection(ProjectConfigurationPlatforms) = postSolution
		{D4A29336-0AD9-4FEC-83FF-93CD4BA1EF73}.Debug|Any CPU.ActiveCfg = Debug|Any CPU
		{D4A29336-0AD9-4FEC-83FF-93CD4BA1EF73}.Debug|Any CPU.Build.0 = Debug|Any CPU
		{D4A29336-0AD9-4FEC-83FF-93CD4BA1EF73}.Release|Any CPU.ActiveCfg = Release|Any CPU
		{D4A29336-0AD9-4FEC-83FF-93CD4BA1EF73}.Release|Any CPU.Build.0 = Release|Any CPU
	EndGlobalSection
	GlobalSection(SolutionProperties) = preSolution
		HideSolutionNode = FALSE
	EndGlobalSection
	GlobalSection(ExtensibilityGlobals) = postSolution
		SolutionGuid = {D7C9C37A-011F-4AFE-9C65-843939EAD15B}
	EndGlobalSection
EndGlobal
